// !$*UTF8*$!
{
	archiveVersion = 1;
	classes = {
	};
	objectVersion = 50;
	objects = {

/* Begin PBXBuildFile section */
		5C3805C52091B2C400116401 /* ComprobanteController.swift in Sources */ = {isa = PBXBuildFile; fileRef = 5C3805C42091B2C400116401 /* ComprobanteController.swift */; };
		5C52AFD9208C5A39006696FE /* AppDelegate.swift in Sources */ = {isa = PBXBuildFile; fileRef = 5C52AFD8208C5A39006696FE /* AppDelegate.swift */; };
		5C52AFDB208C5A39006696FE /* ViewController.swift in Sources */ = {isa = PBXBuildFile; fileRef = 5C52AFDA208C5A39006696FE /* ViewController.swift */; };
		5C52AFDE208C5A39006696FE /* Main.storyboard in Resources */ = {isa = PBXBuildFile; fileRef = 5C52AFDC208C5A39006696FE /* Main.storyboard */; };
		5C52AFE0208C5A3A006696FE /* Assets.xcassets in Resources */ = {isa = PBXBuildFile; fileRef = 5C52AFDF208C5A3A006696FE /* Assets.xcassets */; };
		5C52AFE3208C5A3A006696FE /* LaunchScreen.storyboard in Resources */ = {isa = PBXBuildFile; fileRef = 5C52AFE1208C5A3A006696FE /* LaunchScreen.storyboard */; };
/* End PBXBuildFile section */

/* Begin PBXFileReference section */
		5C3805C42091B2C400116401 /* ComprobanteController.swift */ = {isa = PBXFileReference; lastKnownFileType = sourcecode.swift; path = ComprobanteController.swift; sourceTree = "<group>"; };
		5C52AFD5208C5A39006696FE /* bitcoin.app */ = {isa = PBXFileReference; explicitFileType = wrapper.application; includeInIndex = 0; path = bitcoin.app; sourceTree = BUILT_PRODUCTS_DIR; };
		5C52AFD8208C5A39006696FE /* AppDelegate.swift */ = {isa = PBXFileReference; lastKnownFileType = sourcecode.swift; path = AppDelegate.swift; sourceTree = "<group>"; };
		5C52AFDA208C5A39006696FE /* ViewController.swift */ = {isa = PBXFileReference; lastKnownFileType = sourcecode.swift; path = ViewController.swift; sourceTree = "<group>"; };
		5C52AFDD208C5A39006696FE /* Base */ = {isa = PBXFileReference; lastKnownFileType = file.storyboard; name = Base; path = Base.lproj/Main.storyboard; sourceTree = "<group>"; };
		5C52AFDF208C5A3A006696FE /* Assets.xcassets */ = {isa = PBXFileReference; lastKnownFileType = folder.assetcatalog; path = Assets.xcassets; sourceTree = "<group>"; };
		5C52AFE2208C5A3A006696FE /* Base */ = {isa = PBXFileReference; lastKnownFileType = file.storyboard; name = Base; path = Base.lproj/LaunchScreen.storyboard; sourceTree = "<group>"; };
		5C52AFE4208C5A3A006696FE /* Info.plist */ = {isa = PBXFileReference; lastKnownFileType = text.plist.xml; path = Info.plist; sourceTree = "<group>"; };
/* End PBXFileReference section */

/* Begin PBXFrameworksBuildPhase section */
		5C52AFD2208C5A39006696FE /* Frameworks */ = {
			isa = PBXFrameworksBuildPhase;
			buildActionMask = 2147483647;
			files = (
			);
			runOnlyForDeploymentPostprocessing = 0;
		};
/* End PBXFrameworksBuildPhase section */

/* Begin PBXGroup section */
		5C52AFCC208C5A39006696FE = {
			isa = PBXGroup;
			children = (
				5C52AFD7208C5A39006696FE /* bitcoin */,
				5C52AFD6208C5A39006696FE /* Products */,
			);
			sourceTree = "<group>";
		};
		5C52AFD6208C5A39006696FE /* Products */ = {
			isa = PBXGroup;
			children = (
				5C52AFD5208C5A39006696FE /* bitcoin.app */,
			);
			name = Products;
			sourceTree = "<group>";
		};
		5C52AFD7208C5A39006696FE /* bitcoin */ = {
			isa = PBXGroup;
			children = (
				5C52AFD8208C5A39006696FE /* AppDelegate.swift */,
				5C52AFDA208C5A39006696FE /* ViewController.swift */,
				5C3805C42091B2C400116401 /* ComprobanteController.swift */,
				5C52AFDC208C5A39006696FE /* Main.storyboard */,
				5C52AFDF208C5A3A006696FE /* Assets.xcassets */,
				5C52AFE1208C5A3A006696FE /* LaunchScreen.storyboard */,
				5C52AFE4208C5A3A006696FE /* Info.plist */,
			);
			path = bitcoin;
			sourceTree = "<group>";
		};
/* End PBXGroup section */

/* Begin PBXNativeTarget section */
		5C52AFD4208C5A39006696FE /* bitcoin */ = {
			isa = PBXNativeTarget;
			buildConfigurationList = 5C52AFE7208C5A3A006696FE /* Build configuration list for PBXNativeTarget "bitcoin" */;
			buildPhases = (
				5C52AFD1208C5A39006696FE /* Sources */,
				5C52AFD2208C5A39006696FE /* Frameworks */,
				5C52AFD3208C5A39006696FE /* Resources */,
			);
			buildRules = (
			);
			dependencies = (
			);
			name = bitcoin;
			productName = bitcoin;
			productReference = 5C52AFD5208C5A39006696FE /* bitcoin.app */;
			productType = "com.apple.product-type.application";
		};
/* End PBXNativeTarget section */

/* Begin PBXProject section */
		5C52AFCD208C5A39006696FE /* Project object */ = {
			isa = PBXProject;
			attributes = {
				LastSwiftUpdateCheck = 0930;
				LastUpgradeCheck = 0930;
				ORGANIZATIONNAME = "Juan C Marin";
				TargetAttributes = {
					5C52AFD4208C5A39006696FE = {
						CreatedOnToolsVersion = 9.3;
					};
				};
			};
			buildConfigurationList = 5C52AFD0208C5A39006696FE /* Build configuration list for PBXProject "bitcoin" */;
			compatibilityVersion = "Xcode 9.3";
			developmentRegion = en;
			hasScannedForEncodings = 0;
			knownRegions = (
				en,
				Base,
			);
			mainGroup = 5C52AFCC208C5A39006696FE;
			productRefGroup = 5C52AFD6208C5A39006696FE /* Products */;
			projectDirPath = "";
			projectRoot = "";
			targets = (
				5C52AFD4208C5A39006696FE /* bitcoin */,
			);
		};
/* End PBXProject section */

/* Begin PBXResourcesBuildPhase section */
		5C52AFD3208C5A39006696FE /* Resources */ = {
			isa = PBXResourcesBuildPhase;
			buildActionMask = 2147483647;
			files = (
				5C52AFE3208C5A3A006696FE /* LaunchScreen.storyboard in Resources */,
				5C52AFE0208C5A3A006696FE /* Assets.xcassets in Resources */,
				5C52AFDE208C5A39006696FE /* Main.storyboard in Resources */,
			);
			runOnlyForDeploymentPostprocessing = 0;
		};
/* End PBXResourcesBuildPhase section */

/* Begin PBXSourcesBuildPhase section */
		5C52AFD1208C5A39006696FE /* Sources */ = {
			isa = PBXSourcesBuildPhase;
			buildActionMask = 2147483647;
			files = (
				5C52AFDB208C5A39006696FE /* ViewController.swift in Sources */,
				5C52AFD9208C5A39006696FE /* AppDelegate.swift in Sources */,
				5C3805C52091B2C400116401 /* ComprobanteController.swift in Sources */,
			);
			runOnlyForDeploymentPostprocessing = 0;
		};
/* End PBXSourcesBuildPhase section */

/* Begin PBXVariantGroup section */
		5C52AFDC208C5A39006696FE /* Main.storyboard */ = {
			isa = PBXVariantGroup;
			children = (
				5C52AFDD208C5A39006696FE /* Base */,
			);
			name = Main.storyboard;
			sourceTree = "<group>";
		};
		5C52AFE1208C5A3A006696FE /* LaunchScreen.storyboard */ = {
			isa = PBXVariantGroup;
			children = (
				5C52AFE2208C5A3A006696FE /* Base */,
			);
			name = LaunchScreen.storyboard;
			sourceTree = "<group>";
		};
/* End PBXVariantGroup section */

/* Begin XCBuildConfiguration section */
		5C52AFE5208C5A3A006696FE /* Debug */ = {
			isa = XCBuildConfiguration;
			buildSettings = {
				ALWAYS_SEARCH_USER_PATHS = NO;
				CLANG_ANALYZER_NONNULL = YES;
				CLANG_ANALYZER_NUMBER_OBJECT_CONVERSION = YES_AGGRESSIVE;
				CLANG_CXX_LANGUAGE_STANDARD = "gnu++14";
				CLANG_CXX_LIBRARY = "libc++";
				CLANG_ENABLE_MODULES = YES;
				CLANG_ENABLE_OBJC_ARC = YES;
				CLANG_ENABLE_OBJC_WEAK = YES;
				CLANG_WARN_BLOCK_CAPTURE_AUTORELEASING = YES;
				CLANG_WARN_BOOL_CONVERSION = YES;
				CLANG_WARN_COMMA = YES;
				CLANG_WARN_CONSTANT_CONVERSION = YES;
				CLANG_WARN_DEPRECATED_OBJC_IMPLEMENTATIONS = YES;
				CLANG_WARN_DIRECT_OBJC_ISA_USAGE = YES_ERROR;
				CLANG_WARN_DOCUMENTATION_COMMENTS = YES;
				CLANG_WARN_EMPTY_BODY = YES;
				CLANG_WARN_ENUM_CONVERSION = YES;
				CLANG_WARN_INFINITE_RECURSION = YES;
				CLANG_WARN_INT_CONVERSION = YES;
				CLANG_WARN_NON_LITERAL_NULL_CONVERSION = YES;
				CLANG_WARN_OBJC_IMPLICIT_RETAIN_SELF = YES;
				CLANG_WARN_OBJC_LITERAL_CONVERSION = YES;
				CLANG_WARN_OBJC_ROOT_CLASS = YES_ERROR;
				CLANG_WARN_RANGE_LOOP_ANALYSIS = YES;
				CLANG_WARN_STRICT_PROTOTYPES = YES;
				CLANG_WARN_SUSPICIOUS_MOVE = YES;
				CLANG_WARN_UNGUARDED_AVAILABILITY = YES_AGGRESSIVE;
				CLANG_WARN_UNREACHABLE_CODE = YES;
				CLANG_WARN__DUPLICATE_METHOD_MATCH = YES;
				CODE_SIGN_IDENTITY = "iPhone Developer";
				COPY_PHASE_STRIP = NO;
				DEBUG_INFORMATION_FORMAT = dwarf;
				ENABLE_STRICT_OBJC_MSGSEND = YES;
				ENABLE_TESTABILITY = YES;
				GCC_C_LANGUAGE_STANDARD = gnu11;
				GCC_DYNAMIC_NO_PIC = NO;
				GCC_NO_COMMON_BLOCKS = YES;
				GCC_OPTIMIZATION_LEVEL = 0;
				GCC_PREPROCESSOR_DEFINITIONS = (
					"DEBUG=1",
					"$(inherited)",
				);
				GCC_WARN_64_TO_32_BIT_CONVERSION = YES;
				GCC_WARN_ABOUT_RETURN_TYPE = YES_ERROR;
				GCC_WARN_UNDECLARED_SELECTOR = YES;
				GCC_WARN_UNINITIALIZED_AUTOS = YES_AGGRESSIVE;
				GCC_WARN_UNUSED_FUNCTION = YES;
				GCC_WARN_UNUSED_VARIABLE = YES;
				IPHONEOS_DEPLOYMENT_TARGET = 11.3;
				MTL_ENABLE_DEBUG_INFO = YES;
				ONLY_ACTIVE_ARCH = YES;
				SDKROOT = iphoneos;
				SWIFT_ACTIVE_COMPILATION_CONDITIONS = DEBUG;
				SWIFT_OPTIMIZATION_LEVEL = "-Onone";
			};
			name = Debug;
		};
		5C52AFE6208C5A3A006696FE /* Release */ = {
			isa = XCBuildConfiguration;
			buildSettings = {
				ALWAYS_SEARCH_USER_PATHS = NO;
				CLANG_ANALYZER_NONNULL = YES;
				CLANG_ANALYZER_NUMBER_OBJECT_CONVERSION = YES_AGGRESSIVE;
				CLANG_CXX_LANGUAGE_STANDARD = "gnu++14";
				CLANG_CXX_LIBRARY = "libc++";
				CLANG_ENABLE_MODULES = YES;
				CLANG_ENABLE_OBJC_ARC = YES;
				CLANG_ENABLE_OBJC_WEAK = YES;
				CLANG_WARN_BLOCK_CAPTURE_AUTORELEASING = YES;
				CLANG_WARN_BOOL_CONVERSION = YES;
				CLANG_WARN_COMMA = YES;
				CLANG_WARN_CONSTANT_CONVERSION = YES;
				CLANG_WARN_DEPRECATED_OBJC_IMPLEMENTATIONS = YES;
				CLANG_WARN_DIRECT_OBJC_ISA_USAGE = YES_ERROR;
				CLANG_WARN_DOCUMENTATION_COMMENTS = YES;
				CLANG_WARN_EMPTY_BODY = YES;
				CLANG_WARN_ENUM_CONVERSION = YES;
				CLANG_WARN_INFINITE_RECURSION = YES;
				CLANG_WARN_INT_CONVERSION = YES;
				CLANG_WARN_NON_LITERAL_NULL_CONVERSION = YES;
				CLANG_WARN_OBJC_IMPLICIT_RETAIN_SELF = YES;
				CLANG_WARN_OBJC_LITERAL_CONVERSION = YES;
				CLANG_WARN_OBJC_ROOT_CLASS = YES_ERROR;
				CLANG_WARN_RANGE_LOOP_ANALYSIS = YES;
				CLANG_WARN_STRICT_PROTOTYPES = YES;
				CLANG_WARN_SUSPICIOUS_MOVE = YES;
				CLANG_WARN_UNGUARDED_AVAILABILITY = YES_AGGRESSIVE;
				CLANG_WARN_UNREACHABLE_CODE = YES;
				CLANG_WARN__DUPLICATE_METHOD_MATCH = YES;
				CODE_SIGN_IDENTITY = "iPhone Developer";
				COPY_PHASE_STRIP = NO;
				DEBUG_INFORMATION_FORMAT = "dwarf-with-dsym";
				ENABLE_NS_ASSERTIONS = NO;
				ENABLE_STRICT_OBJC_MSGSEND = YES;
				GCC_C_LANGUAGE_STANDARD = gnu11;
				GCC_NO_COMMON_BLOCKS = YES;
				GCC_WARN_64_TO_32_BIT_CONVERSION = YES;
				GCC_WARN_ABOUT_RETURN_TYPE = YES_ERROR;
				GCC_WARN_UNDECLARED_SELECTOR = YES;
				GCC_WARN_UNINITIALIZED_AUTOS = YES_AGGRESSIVE;
				GCC_WARN_UNUSED_FUNCTION = YES;
				GCC_WARN_UNUSED_VARIABLE = YES;
				IPHONEOS_DEPLOYMENT_TARGET = 11.3;
				MTL_ENABLE_DEBUG_INFO = NO;
				SDKROOT = iphoneos;
				SWIFT_COMPILATION_MODE = wholemodule;
				SWIFT_OPTIMIZATION_LEVEL = "-O";
				VALIDATE_PRODUCT = YES;
			};
			name = Release;
		};
		5C52AFE8208C5A3A006696FE /* Debug */ = {
			isa = XCBuildConfiguration;
			buildSettings = {
				ASSETCATALOG_COMPILER_APPICON_NAME = AppIcon;
				CODE_SIGN_STYLE = Automatic;
				INFOPLIST_FILE = bitcoin/Info.plist;
				LD_RUNPATH_SEARCH_PATHS = (
					"$(inherited)",
					"@executable_path/Frameworks",
				);
				PRODUCT_BUNDLE_IDENTIFIER = com.jcma.bitcoin;
				PRODUCT_NAME = "$(TARGET_NAME)";
				SWIFT_VERSION = 4.0;
				TARGETED_DEVICE_FAMILY = "1,2";
			};
			name = Debug;
		};
		5C52AFE9208C5A3A006696FE /* Release */ = {
			isa = XCBuildConfiguration;
			buildSettings = {
				ASSETCATALOG_COMPILER_APPICON_NAME = AppIcon;
				CODE_SIGN_STYLE = Automatic;
				INFOPLIST_FILE = bitcoin/Info.plist;
				LD_RUNPATH_SEARCH_PATHS = (
					"$(inherited)",
					"@executable_path/Frameworks",
				);
				PRODUCT_BUNDLE_IDENTIFIER = com.jcma.bitcoin;
				PRODUCT_NAME = "$(TARGET_NAME)";
				SWIFT_VERSION = 4.0;
				TARGETED_DEVICE_FAMILY = "1,2";
			};
			name = Release;
		};
/* End XCBuildConfiguration section */

/* Begin XCConfigurationList section */
		5C52AFD0208C5A39006696FE /* Build configuration list for PBXProject "bitcoin" */ = {
			isa = XCConfigurationList;
			buildConfigurations = (
				5C52AFE5208C5A3A006696FE /* Debug */,
				5C52AFE6208C5A3A006696FE /* Release */,
			);
			defaultConfigurationIsVisible = 0;
			defaultConfigurationName = Release;
		};
		5C52AFE7208C5A3A006696FE /* Build configuration list for PBXNativeTarget "bitcoin" */ = {
			isa = XCConfigurationList;
			buildConfigurations = (
				5C52AFE8208C5A3A006696FE /* Debug */,
				5C52AFE9208C5A3A006696FE /* Release */,
			);
			defaultConfigurationIsVisible = 0;
			defaultConfigurationName = Release;
		};
/* End XCConfigurationList section */
	};
	rootObject = 5C52AFCD208C5A39006696FE /* Project object */;
}
